
Microsoft Visual Studio Solution File, Format Version 12.00
# Visual Studio Version 16
VisualStudioVersion = 16.0.30523.141
MinimumVisualStudioVersion = 10.0.40219.1
Project("{9A19103F-16F7-4668-BE54-9A1E7A4F7556}") = "WebApi", "WebApi\WebApi.csproj", "{B6B68387-1678-479A-A9EF-44327B1AAFB3}"
EndProject
Project("{9A19103F-16F7-4668-BE54-9A1E7A4F7556}") = "Dominio", "Dominio\Dominio.csproj", "{EEF8EB7F-4497-48E3-BAD0-31F425AE41ED}"
EndProject
Project("{9A19103F-16F7-4668-BE54-9A1E7A4F7556}") = "Infraestrutura", "Infraestrutura\Infraestrutura.csproj", "{3744F2BD-F106-4CDD-AB80-75B765396BEB}"
EndProject
Project("{FAE04EC0-301F-11D3-BF4B-00C04F79EFBC}") = "Aplicacao", "Aplicacao\Aplicacao.csproj", "{7E5F6354-60B6-41FC-8B68-2DC664C239E8}"
EndProject
Global
	GlobalSection(SolutionConfigurationPlatforms) = preSolution
		Debug|Any CPU = Debug|Any CPU
		Release|Any CPU = Release|Any CPU
	EndGlobalSection
	GlobalSection(ProjectConfigurationPlatforms) = postSolution
		{B6B68387-1678-479A-A9EF-44327B1AAFB3}.Debug|Any CPU.ActiveCfg = Debug|Any CPU
		{B6B68387-1678-479A-A9EF-44327B1AAFB3}.Debug|Any CPU.Build.0 = Debug|Any CPU
		{B6B68387-1678-479A-A9EF-44327B1AAFB3}.Release|Any CPU.ActiveCfg = Release|Any CPU
		{B6B68387-1678-479A-A9EF-44327B1AAFB3}.Release|Any CPU.Build.0 = Release|Any CPU
		{EEF8EB7F-4497-48E3-BAD0-31F425AE41ED}.Debug|Any CPU.ActiveCfg = Debug|Any CPU
		{EEF8EB7F-4497-48E3-BAD0-31F425AE41ED}.Debug|Any CPU.Build.0 = Debug|Any CPU
		{EEF8EB7F-4497-48E3-BAD0-31F425AE41ED}.Release|Any CPU.ActiveCfg = Release|Any CPU
		{EEF8EB7F-4497-48E3-BAD0-31F425AE41ED}.Release|Any CPU.Build.0 = Release|Any CPU
		{3744F2BD-F106-4CDD-AB80-75B765396BEB}.Debug|Any CPU.ActiveCfg = Debug|Any CPU
		{3744F2BD-F106-4CDD-AB80-75B765396BEB}.Debug|Any CPU.Build.0 = Debug|Any CPU
		{3744F2BD-F106-4CDD-AB80-75B765396BEB}.Release|Any CPU.ActiveCfg = Release|Any CPU
		{3744F2BD-F106-4CDD-AB80-75B765396BEB}.Release|Any CPU.Build.0 = Release|Any CPU
		{7E5F6354-60B6-41FC-8B68-2DC664C239E8}.Debug|Any CPU.ActiveCfg = Debug|Any CPU
		{7E5F6354-60B6-41FC-8B68-2DC664C239E8}.Debug|Any CPU.Build.0 = Debug|Any CPU
		{7E5F6354-60B6-41FC-8B68-2DC664C239E8}.Release|Any CPU.ActiveCfg = Release|Any CPU
		{7E5F6354-60B6-41FC-8B68-2DC664C239E8}.Release|Any CPU.Build.0 = Release|Any CPU
	EndGlobalSection
	GlobalSection(SolutionProperties) = preSolution
		HideSolutionNode = FALSE
	EndGlobalSection
	GlobalSection(ExtensibilityGlobals) = postSolution
		SolutionGuid = {6E38E997-7E17-4E4A-9C9C-6055EB6358D1}
	EndGlobalSection
EndGlobal
